
Microsoft Visual Studio Solution File, Format Version 12.00
# Visual Studio 14
VisualStudioVersion = 14.0.25420.1
MinimumVisualStudioVersion = 10.0.40219.1
Project("{2150E333-8FDC-42A3-9474-1A3956D46DE8}") = "src", "src", "{0E70CDFF-0E69-40BB-9FAC-A649AF0195A5}"
EndProject
Project("{2150E333-8FDC-42A3-9474-1A3956D46DE8}") = "Solution Items", "Solution Items", "{E9BF5631-569A-4B49-968B-89DA7B2511E8}"
	ProjectSection(SolutionItems) = preProject
		global.json = global.json
	EndProjectSection
EndProject
Project("{8BB2217D-0F2D-49D1-97BC-3654ED321F3B}") = "WebApp", "src\WebApp\WebApp.xproj", "{F1988FB4-9741-48FD-AAF6-BC51BFCA26B6}"
EndProject
Global
	GlobalSection(SolutionConfigurationPlatforms) = preSolution
		Debug|Any CPU = Debug|Any CPU
		Release|Any CPU = Release|Any CPU
	EndGlobalSection
	GlobalSection(ProjectConfigurationPlatforms) = postSolution
		{F1988FB4-9741-48FD-AAF6-BC51BFCA26B6}.Debug|Any CPU.ActiveCfg = Debug|Any CPU
		{F1988FB4-9741-48FD-AAF6-BC51BFCA26B6}.Debug|Any CPU.Build.0 = Debug|Any CPU
		{F1988FB4-9741-48FD-AAF6-BC51BFCA26B6}.Release|Any CPU.ActiveCfg = Release|Any CPU
		{F1988FB4-9741-48FD-AAF6-BC51BFCA26B6}.Release|Any CPU.Build.0 = Release|Any CPU
	EndGlobalSection
	GlobalSection(SolutionProperties) = preSolution
		HideSolutionNode = FALSE
	EndGlobalSection
	GlobalSection(NestedProjects) = preSolution
		{F1988FB4-9741-48FD-AAF6-BC51BFCA26B6} = {0E70CDFF-0E69-40BB-9FAC-A649AF0195A5}
	EndGlobalSection
EndGlobal
